
Microsoft Visual Studio Solution File, Format Version 12.00
# Visual Studio Version 16
VisualStudioVersion = 16.0.30907.101
MinimumVisualStudioVersion = 10.0.40219.1
Project("{8BC9CEB8-8B4A-11D0-8D11-00A0C91BC942}") = "LR_1_3", "LR_1_3\LR_1_3.vcxproj", "{07F68CB6-620E-4794-A04D-82B4AA708310}"
EndProject
Global
	GlobalSection(SolutionConfigurationPlatforms) = preSolution
		Debug|x64 = Debug|x64
		Debug|x86 = Debug|x86
		Release|x64 = Release|x64
		Release|x86 = Release|x86
	EndGlobalSection
	GlobalSection(ProjectConfigurationPlatforms) = postSolution
		{07F68CB6-620E-4794-A04D-82B4AA708310}.Debug|x64.ActiveCfg = Debug|x64
		{07F68CB6-620E-4794-A04D-82B4AA708310}.Debug|x64.Build.0 = Debug|x64
		{07F68CB6-620E-4794-A04D-82B4AA708310}.Debug|x86.ActiveCfg = Debug|Win32
		{07F68CB6-620E-4794-A04D-82B4AA708310}.Debug|x86.Build.0 = Debug|Win32
		{07F68CB6-620E-4794-A04D-82B4AA708310}.Release|x64.ActiveCfg = Release|x64
		{07F68CB6-620E-4794-A04D-82B4AA708310}.Release|x64.Build.0 = Release|x64
		{07F68CB6-620E-4794-A04D-82B4AA708310}.Release|x86.ActiveCfg = Release|Win32
		{07F68CB6-620E-4794-A04D-82B4AA708310}.Release|x86.Build.0 = Release|Win32
	EndGlobalSection
	GlobalSection(SolutionProperties) = preSolution
		HideSolutionNode = FALSE
	EndGlobalSection
	GlobalSection(ExtensibilityGlobals) = postSolution
		SolutionGuid = {E642F80D-DA26-4AFC-94B5-120DECE54F7A}
	EndGlobalSection
EndGlobal
